{
  "name": "ecum",
  "version": "1.0.0",
  "lockfileVersion": 3,
  "requires": true,
  "packages": {
    "": {
      "name": "ecum",
      "version": "1.0.0",
      "license": "ISC",
      "dependencies": {
        
      }
    },
      "funding": {
        "url": "https://dotenvx.com"
      }
    }
  }

